{
  "nodes": {
    "flake-compat": {
      "flake": false,
      "locked": {
        "lastModified": 1733328505,
        "narHash": "sha256-NeCCThCEP3eCl2l/+27kNNK7QrwZB1IJCrXfrbv5oqU=",
        "owner": "edolstra",
        "repo": "flake-compat",
        "rev": "ff81ac966bb2cae68946d5ed5fc4994f96d0ffec",
        "type": "github"
      },
      "original": {
        "owner": "edolstra",
        "repo": "flake-compat",
        "type": "github"
      }
    },
    "flake-parts": {
      "inputs": {
        "nixpkgs-lib": [
          "nixpkgs"
        ]
      },
      "locked": {
        "lastModified": 1738453229,
        "narHash": "sha256-7H9XgNiGLKN1G1CgRh0vUL4AheZSYzPm+zmZ7vxbJdo=",
        "owner": "hercules-ci",
        "repo": "flake-parts",
        "rev": "32ea77a06711b758da0ad9bd6a844c5740a87abd",
        "type": "github"
      },
      "original": {
        "owner": "hercules-ci",
        "repo": "flake-parts",
        "type": "github"
      }
    },
    "flake-parts_2": {
      "inputs": {
        "nixpkgs-lib": [
          "pipopo-nvim",
          "nixpkgs"
        ]
      },
      "locked": {
        "lastModified": 1727826117,
        "narHash": "sha256-K5ZLCyfO/Zj9mPFldf3iwS6oZStJcU4tSpiXTMYaaL0=",
        "owner": "hercules-ci",
        "repo": "flake-parts",
        "rev": "3d04084d54bedc3d6b8b736c70ef449225c361b1",
        "type": "github"
      },
      "original": {
        "owner": "hercules-ci",
        "repo": "flake-parts",
        "type": "github"
      }
    },
    "flake-utils": {
      "inputs": {
        "systems": "systems"
      },
      "locked": {
        "lastModified": 1731533236,
        "narHash": "sha256-l0KFg5HjrsfsO/JpG+r7fRrqm12kzFHyUHqHCVpMMbI=",
        "owner": "numtide",
        "repo": "flake-utils",
        "rev": "11707dc2f618dd54ca8739b309ec4fc024de578b",
        "type": "github"
      },
      "original": {
        "owner": "numtide",
        "repo": "flake-utils",
        "type": "github"
      }
    },
    "ghostty": {
      "inputs": {
        "flake-compat": "flake-compat",
        "flake-utils": "flake-utils",
        "nixpkgs-stable": "nixpkgs-stable",
        "nixpkgs-unstable": [
          "nixpkgs"
        ],
        "zig": "zig",
        "zig2nix": "zig2nix"
      },
      "locked": {
        "lastModified": 1740288656,
        "narHash": "sha256-9q155opmYi6dqSxX9oKofwQWSNmaHZIZaho1A6A7yyM=",
        "owner": "ghostty-org",
        "repo": "ghostty",
        "rev": "eaeb6a620f3f2ad6cf3d936efd5c0acd84413e6b",
        "type": "github"
      },
      "original": {
        "owner": "ghostty-org",
        "repo": "ghostty",
        "type": "github"
      }
    },
    "home-manager": {
      "inputs": {
        "nixpkgs": [
          "nixpkgs"
        ]
      },
      "locked": {
        "lastModified": 1740283128,
        "narHash": "sha256-R61wtNknWWejnl+K0l4sxu/wnLNFbNe44tNM2zbj5yE=",
        "owner": "nix-community",
        "repo": "home-manager",
        "rev": "ed030a787938cae01d693ebaad52bbb672a4a69d",
        "type": "github"
      },
      "original": {
        "owner": "nix-community",
        "repo": "home-manager",
        "type": "github"
      }
    },
    "niri": {
      "inputs": {
        "niri-stable": "niri-stable",
        "niri-unstable": "niri-unstable",
        "nixpkgs": [
          "nixpkgs"
        ],
        "nixpkgs-stable": "nixpkgs-stable_2",
        "xwayland-satellite-stable": "xwayland-satellite-stable",
        "xwayland-satellite-unstable": "xwayland-satellite-unstable"
      },
      "locked": {
        "lastModified": 1740262899,
        "narHash": "sha256-iVN73FYXdNHul0spp1XdvEoYre0lZiGKYx+Vv3YeIuE=",
        "owner": "sodiboo",
        "repo": "niri-flake",
        "rev": "a5690658f971bf4746077e850b230c325108094a",
        "type": "github"
      },
      "original": {
        "owner": "sodiboo",
        "repo": "niri-flake",
        "type": "github"
      }
    },
    "niri-stable": {
      "flake": false,
      "locked": {
        "lastModified": 1736614405,
        "narHash": "sha256-AJ1rlgNOPb3/+DbS5hkhm21t6Oz8IgqLllwmZt0lyzk=",
        "owner": "YaLTeR",
        "repo": "niri",
        "rev": "e05bc269e678ecf828b96ae79c991c13b00b38a5",
        "type": "github"
      },
      "original": {
        "owner": "YaLTeR",
        "ref": "v25.01",
        "repo": "niri",
        "type": "github"
      }
    },
    "niri-unstable": {
      "flake": false,
      "locked": {
        "lastModified": 1740251548,
        "narHash": "sha256-53kgDwNYEPIZadX5SEk7+OoTXycHm1QUF7x2XCoo9+U=",
        "owner": "YaLTeR",
        "repo": "niri",
        "rev": "bca65452882e1e616045e21a0a9a4a0b7024239b",
        "type": "github"
      },
      "original": {
        "owner": "YaLTeR",
        "repo": "niri",
        "type": "github"
      }
    },
    "nix-darwin": {
      "inputs": {
        "nixpkgs": [
          "nixpkgs"
        ]
      },
      "locked": {
        "lastModified": 1739933872,
        "narHash": "sha256-UhuvTR4OrWR+WBaRCZm4YMkvjJhZ1KZo/jRjE41m+Ek=",
        "owner": "lnl7",
        "repo": "nix-darwin",
        "rev": "6ab392f626a19f1122d1955c401286e1b7cf6b53",
        "type": "github"
      },
      "original": {
        "owner": "lnl7",
        "repo": "nix-darwin",
        "type": "github"
      }
    },
    "nixpkgs": {
      "locked": {
        "lastModified": 1739866667,
        "narHash": "sha256-EO1ygNKZlsAC9avfcwHkKGMsmipUk1Uc0TbrEZpkn64=",
        "owner": "nixos",
        "repo": "nixpkgs",
        "rev": "73cf49b8ad837ade2de76f87eb53fc85ed5d4680",
        "type": "github"
      },
      "original": {
        "owner": "nixos",
        "ref": "nixos-unstable",
        "repo": "nixpkgs",
        "type": "github"
      }
    },
    "nixpkgs-stable": {
      "locked": {
        "lastModified": 1738255539,
        "narHash": "sha256-hP2eOqhIO/OILW+3moNWO4GtdJFYCqAe9yJZgvlCoDQ=",
        "owner": "nixos",
        "repo": "nixpkgs",
        "rev": "c3511a3b53b482aa7547c9d1626fd7310c1de1c5",
        "type": "github"
      },
      "original": {
        "owner": "nixos",
        "ref": "release-24.11",
        "repo": "nixpkgs",
        "type": "github"
      }
    },
    "nixpkgs-stable_2": {
      "locked": {
        "lastModified": 1740162160,
        "narHash": "sha256-SSYxFhqCOb3aiPb6MmN68yEzBIltfom8IgRz7phHscM=",
        "owner": "NixOS",
        "repo": "nixpkgs",
        "rev": "11415c7ae8539d6292f2928317ee7a8410b28bb9",
        "type": "github"
      },
      "original": {
        "owner": "NixOS",
        "ref": "nixos-24.11",
        "repo": "nixpkgs",
        "type": "github"
      }
    },
    "nixpkgs_2": {
      "locked": {
        "lastModified": 1718428119,
        "narHash": "sha256-WdWDpNaq6u1IPtxtYHHWpl5BmabtpmLnMAx0RdJ/vo8=",
        "owner": "NixOS",
        "repo": "nixpkgs",
        "rev": "e6cea36f83499eb4e9cd184c8a8e823296b50ad5",
        "type": "github"
      },
      "original": {
        "owner": "NixOS",
        "ref": "nixpkgs-unstable",
        "repo": "nixpkgs",
        "type": "github"
      }
    },
    "pipopo-nvim": {
      "inputs": {
        "flake-parts": "flake-parts_2",
        "nixpkgs": [
          "nixpkgs"
        ]
      },
      "locked": {
        "lastModified": 1741963709,
        "narHash": "sha256-ezQXtdh3NJ1UUoVNVTI7Qi4mig61yDXdJvKsMIKZIRs=",
        "owner": "pipopopipipopi",
        "repo": "pipopo-nvim",
        "rev": "6aa90aca126baf43ff3a15371bc7bc5db93e8b2b",
        "type": "github"
      },
      "original": {
        "owner": "pipopopipipopi",
        "repo": "pipopo-nvim",
        "type": "github"
      }
    },
    "root": {
      "inputs": {
        "flake-parts": "flake-parts",
        "ghostty": "ghostty",
        "home-manager": "home-manager",
        "niri": "niri",
        "nix-darwin": "nix-darwin",
        "nixpkgs": "nixpkgs",
        "pipopo-nvim": "pipopo-nvim",
        "rust-overlay": "rust-overlay",
        "zen-browser": "zen-browser"
      }
    },
    "rust-overlay": {
      "inputs": {
        "nixpkgs": "nixpkgs_2"
      },
      "locked": {
        "lastModified": 1720750737,
        "narHash": "sha256-hPXe9Pr3s2EKRdDki3UkCKoPGlNkOhplCooNoC/L7Qc=",
        "owner": "oxalica",
        "repo": "rust-overlay",
        "rev": "a17c5d38c6fe47880eb8c6bede15d943ac2c4d17",
        "type": "github"
      },
      "original": {
        "owner": "oxalica",
        "repo": "rust-overlay",
        "type": "github"
      }
    },
    "systems": {
      "locked": {
        "lastModified": 1681028828,
        "narHash": "sha256-Vy1rq5AaRuLzOxct8nz4T6wlgyUR7zLU309k9mBC768=",
        "owner": "nix-systems",
        "repo": "default",
        "rev": "da67096a3b9bf56a91d16901293e51ba5b49a27e",
        "type": "github"
      },
      "original": {
        "owner": "nix-systems",
        "repo": "default",
        "type": "github"
      }
    },
    "xwayland-satellite-stable": {
      "flake": false,
      "locked": {
        "lastModified": 1730166465,
        "narHash": "sha256-nq7bouXQXaaPPo/E+Jbq+wNHnatD4dY8OxSrRqzvy6s=",
        "owner": "Supreeeme",
        "repo": "xwayland-satellite",
        "rev": "a713cf46cb7db84a0d1b57c3a397c610cad3cf98",
        "type": "github"
      },
      "original": {
        "owner": "Supreeeme",
        "ref": "v0.5",
        "repo": "xwayland-satellite",
        "type": "github"
      }
    },
    "xwayland-satellite-unstable": {
      "flake": false,
      "locked": {
        "lastModified": 1739246919,
        "narHash": "sha256-/hBM43/Gd0/tW+egrhlWgOIISeJxEs2uAOIYVpfDKeU=",
        "owner": "Supreeeme",
        "repo": "xwayland-satellite",
        "rev": "44590a416d4a3e8220e19e29e0b6efe64a80315d",
        "type": "github"
      },
      "original": {
        "owner": "Supreeeme",
        "repo": "xwayland-satellite",
        "type": "github"
      }
    },
    "zen-browser": {
      "inputs": {
        "nixpkgs": [
          "nixpkgs"
        ]
      },
      "locked": {
        "lastModified": 1736520301,
        "narHash": "sha256-yfbnywGJyx1n+xRet1P5T+6gOUVSbR0p9XasU/q7XjY=",
        "owner": "0xc000022070",
        "repo": "zen-browser-flake",
        "rev": "0c7995b493e72c642766fa7668651a5351299eb8",
        "type": "github"
      },
      "original": {
        "owner": "0xc000022070",
        "repo": "zen-browser-flake",
        "type": "github"
      }
    },
    "zig": {
      "inputs": {
        "flake-compat": [
          "ghostty"
        ],
        "flake-utils": [
          "ghostty",
          "flake-utils"
        ],
        "nixpkgs": [
          "ghostty",
          "nixpkgs-stable"
        ]
      },
      "locked": {
        "lastModified": 1738239110,
        "narHash": "sha256-Y5i9mQ++dyIQr+zEPNy+KIbc5wjPmfllBrag3cHZgcE=",
        "owner": "mitchellh",
        "repo": "zig-overlay",
        "rev": "1a8fb6f3a04724519436355564b95fce5e272504",
        "type": "github"
      },
      "original": {
        "owner": "mitchellh",
        "repo": "zig-overlay",
        "type": "github"
      }
    },
    "zig2nix": {
      "inputs": {
        "flake-utils": [
          "ghostty",
          "flake-utils"
        ],
        "nixpkgs": [
          "ghostty",
          "nixpkgs-stable"
        ]
      },
      "locked": {
        "lastModified": 1738263917,
        "narHash": "sha256-j/3fwe2pEOquHabP/puljOKwAZFjIE9gXZqA91sC48M=",
        "owner": "jcollie",
        "repo": "zig2nix",
        "rev": "c311d8e77a6ee0d995f40a6e10a89a3a4ab04f9a",
        "type": "github"
      },
      "original": {
        "owner": "jcollie",
        "ref": "c311d8e77a6ee0d995f40a6e10a89a3a4ab04f9a",
        "repo": "zig2nix",
        "type": "github"
      }
    }
  },
  "root": "root",
  "version": 7
}
